
Microsoft Visual Studio Solution File, Format Version 12.00
# Visual Studio Version 17
VisualStudioVersion = 17.4.33103.184
MinimumVisualStudioVersion = 10.0.40219.1
Project("{FAE04EC0-301F-11D3-BF4B-00C04F79EFBC}") = "BICE", "BICE.csproj", "{0F4C9C73-C9D4-4B21-ABD7-DAA8A95C0811}"
EndProject
Project("{FAE04EC0-301F-11D3-BF4B-00C04F79EFBC}") = "BICE.DTO", "BICE.DTO\BICE.DTO.csproj", "{E8698EDB-BDE2-4A02-9297-EE30507BCCA7}"
EndProject
Project("{FAE04EC0-301F-11D3-BF4B-00C04F79EFBC}") = "BICE.DAL", "BICE.DAL\BICE.DAL.csproj", "{9F671D74-7643-4E1B-8A95-22E401F61CB9}"
EndProject
Project("{FAE04EC0-301F-11D3-BF4B-00C04F79EFBC}") = "BICE.SRV", "BICE.SRV\BICE.SRV.csproj", "{AA73301D-86E4-4D8B-908B-5B73A2F4D224}"
EndProject
Project("{FAE04EC0-301F-11D3-BF4B-00C04F79EFBC}") = "BICE.BLL", "BICE.BLL\BICE.BLL.csproj", "{D45E14A0-EC6D-4606-87D3-76B53E353FE1}"
EndProject
Global
	GlobalSection(SolutionConfigurationPlatforms) = preSolution
		Debug|Any CPU = Debug|Any CPU
		Release|Any CPU = Release|Any CPU
	EndGlobalSection
	GlobalSection(ProjectConfigurationPlatforms) = postSolution
		{0F4C9C73-C9D4-4B21-ABD7-DAA8A95C0811}.Debug|Any CPU.ActiveCfg = Debug|Any CPU
		{0F4C9C73-C9D4-4B21-ABD7-DAA8A95C0811}.Debug|Any CPU.Build.0 = Debug|Any CPU
		{0F4C9C73-C9D4-4B21-ABD7-DAA8A95C0811}.Release|Any CPU.ActiveCfg = Release|Any CPU
		{0F4C9C73-C9D4-4B21-ABD7-DAA8A95C0811}.Release|Any CPU.Build.0 = Release|Any CPU
		{E8698EDB-BDE2-4A02-9297-EE30507BCCA7}.Debug|Any CPU.ActiveCfg = Debug|Any CPU
		{E8698EDB-BDE2-4A02-9297-EE30507BCCA7}.Debug|Any CPU.Build.0 = Debug|Any CPU
		{E8698EDB-BDE2-4A02-9297-EE30507BCCA7}.Release|Any CPU.ActiveCfg = Release|Any CPU
		{E8698EDB-BDE2-4A02-9297-EE30507BCCA7}.Release|Any CPU.Build.0 = Release|Any CPU
		{9F671D74-7643-4E1B-8A95-22E401F61CB9}.Debug|Any CPU.ActiveCfg = Debug|Any CPU
		{9F671D74-7643-4E1B-8A95-22E401F61CB9}.Debug|Any CPU.Build.0 = Debug|Any CPU
		{9F671D74-7643-4E1B-8A95-22E401F61CB9}.Release|Any CPU.ActiveCfg = Release|Any CPU
		{9F671D74-7643-4E1B-8A95-22E401F61CB9}.Release|Any CPU.Build.0 = Release|Any CPU
		{AA73301D-86E4-4D8B-908B-5B73A2F4D224}.Debug|Any CPU.ActiveCfg = Debug|Any CPU
		{AA73301D-86E4-4D8B-908B-5B73A2F4D224}.Debug|Any CPU.Build.0 = Debug|Any CPU
		{AA73301D-86E4-4D8B-908B-5B73A2F4D224}.Release|Any CPU.ActiveCfg = Release|Any CPU
		{AA73301D-86E4-4D8B-908B-5B73A2F4D224}.Release|Any CPU.Build.0 = Release|Any CPU
		{D45E14A0-EC6D-4606-87D3-76B53E353FE1}.Debug|Any CPU.ActiveCfg = Debug|Any CPU
		{D45E14A0-EC6D-4606-87D3-76B53E353FE1}.Debug|Any CPU.Build.0 = Debug|Any CPU
		{D45E14A0-EC6D-4606-87D3-76B53E353FE1}.Release|Any CPU.ActiveCfg = Release|Any CPU
		{D45E14A0-EC6D-4606-87D3-76B53E353FE1}.Release|Any CPU.Build.0 = Release|Any CPU
	EndGlobalSection
	GlobalSection(SolutionProperties) = preSolution
		HideSolutionNode = FALSE
	EndGlobalSection
	GlobalSection(ExtensibilityGlobals) = postSolution
		SolutionGuid = {D924CC54-C364-4584-A611-DD4BF3F87034}
	EndGlobalSection
EndGlobal
